
Microsoft Visual Studio Solution File, Format Version 12.00
# Visual Studio Version 17
VisualStudioVersion = 17.8.34309.116
MinimumVisualStudioVersion = 10.0.40219.1
Project("{9A19103F-16F7-4668-BE54-9A1E7A4F7556}") = "Launcher", "Launcher\Launcher.csproj", "{80B41421-B3FC-433C-B9EB-0F97DD4E2988}"
EndProject
Project("{2150E333-8FDC-42A3-9474-1A3956D46DE8}") = "Solution Items", "Solution Items", "{B2F88D1E-5CF7-48FC-BA24-DBAB165A8BF0}"
	ProjectSection(SolutionItems) = preProject
		README.md = README.md
	EndProjectSection
EndProject
Project("{FAE04EC0-301F-11D3-BF4B-00C04F79EFBC}") = "LauncherUnitTests", "UnitTests\LauncherUnitTests\LauncherUnitTests.csproj", "{A7911ADF-14DE-49CA-8ECB-C91A4E6D2006}"
EndProject
Project("{FAE04EC0-301F-11D3-BF4B-00C04F79EFBC}") = "BigWhiteDot", "BigWhiteDot\BigWhiteDot.csproj", "{BE81ABCE-0F8D-4422-AFF0-23E1193E5B01}"
EndProject
Global
	GlobalSection(SolutionConfigurationPlatforms) = preSolution
		Debug|Any CPU = Debug|Any CPU
		Release|Any CPU = Release|Any CPU
	EndGlobalSection
	GlobalSection(ProjectConfigurationPlatforms) = postSolution
		{80B41421-B3FC-433C-B9EB-0F97DD4E2988}.Debug|Any CPU.ActiveCfg = Debug|Any CPU
		{80B41421-B3FC-433C-B9EB-0F97DD4E2988}.Debug|Any CPU.Build.0 = Debug|Any CPU
		{80B41421-B3FC-433C-B9EB-0F97DD4E2988}.Release|Any CPU.ActiveCfg = Release|Any CPU
		{80B41421-B3FC-433C-B9EB-0F97DD4E2988}.Release|Any CPU.Build.0 = Release|Any CPU
		{A7911ADF-14DE-49CA-8ECB-C91A4E6D2006}.Debug|Any CPU.ActiveCfg = Debug|Any CPU
		{A7911ADF-14DE-49CA-8ECB-C91A4E6D2006}.Debug|Any CPU.Build.0 = Debug|Any CPU
		{A7911ADF-14DE-49CA-8ECB-C91A4E6D2006}.Release|Any CPU.ActiveCfg = Release|Any CPU
		{A7911ADF-14DE-49CA-8ECB-C91A4E6D2006}.Release|Any CPU.Build.0 = Release|Any CPU
		{BE81ABCE-0F8D-4422-AFF0-23E1193E5B01}.Debug|Any CPU.ActiveCfg = Debug|Any CPU
		{BE81ABCE-0F8D-4422-AFF0-23E1193E5B01}.Debug|Any CPU.Build.0 = Debug|Any CPU
		{BE81ABCE-0F8D-4422-AFF0-23E1193E5B01}.Release|Any CPU.ActiveCfg = Release|Any CPU
		{BE81ABCE-0F8D-4422-AFF0-23E1193E5B01}.Release|Any CPU.Build.0 = Release|Any CPU
	EndGlobalSection
	GlobalSection(SolutionProperties) = preSolution
		HideSolutionNode = FALSE
	EndGlobalSection
	GlobalSection(ExtensibilityGlobals) = postSolution
		SolutionGuid = {6D08E7EC-DDE9-4E08-BF13-9DA8A89C3928}
	EndGlobalSection
EndGlobal
